
Microsoft Visual Studio Solution File, Format Version 12.00
# Visual Studio Version 17
VisualStudioVersion = 17.7.34221.43
MinimumVisualStudioVersion = 10.0.40219.1
Project("{888888A0-9F3D-457C-B088-3A5042F75D52}") = "Automate renaming files by date", "Automate renaming files by date\Automate renaming files by date.pyproj", "{3DDDC367-F01D-41C6-9548-9A64EE67585B}"
EndProject
Global
	GlobalSection(SolutionConfigurationPlatforms) = preSolution
		Debug|Any CPU = Debug|Any CPU
		Release|Any CPU = Release|Any CPU
	EndGlobalSection
	GlobalSection(ProjectConfigurationPlatforms) = postSolution
		{3DDDC367-F01D-41C6-9548-9A64EE67585B}.Debug|Any CPU.ActiveCfg = Debug|Any CPU
		{3DDDC367-F01D-41C6-9548-9A64EE67585B}.Release|Any CPU.ActiveCfg = Release|Any CPU
	EndGlobalSection
	GlobalSection(SolutionProperties) = preSolution
		HideSolutionNode = FALSE
	EndGlobalSection
	GlobalSection(ExtensibilityGlobals) = postSolution
		SolutionGuid = {2B1F07D0-33D4-44B7-B690-71F4FD77BBF8}
	EndGlobalSection
EndGlobal
